{
  "name": "tbba",
  "version": "2.0.0",
  "lockfileVersion": 3,
  "requires": true,
  "packages": {
    "": {
      "name": "tbba",
      "version": "2.0.0",
      "license": "MIT",
      "dependencies": {
        "tbba": "^2.0.0"
      }
    },
    "node_modules/tbba": {
      "version": "2.0.0",
      "resolved": "https://registry.npmjs.org/tbba/-/tbba-2.0.0.tgz",
      "integrity": "sha512-HnBvinePtWRGBzaK04YCYb+GzwoP+Uy9wXVwa4YDHa71DDSRDxmbB/02jsuxcoLLvz2zaMMkB0IckMBdm94b3A==",
      "license": "MIT"
    }
  }
}
